// !$*UTF8*$!
{
	archiveVersion = 1;
	classes = {
	};
	objectVersion = 46;
	objects = {

/* Begin PBXBuildFile section */
		60AF9A27EAC4467C7A8F779B /* Pods_UseAlamofireTests.framework in Frameworks */ = {isa = PBXBuildFile; fileRef = C1D101DBEE5020B011DF8CB6 /* Pods_UseAlamofireTests.framework */; };
		682E37371D3CB02A0084C351 /* fire.jpg in Resources */ = {isa = PBXBuildFile; fileRef = 682E37361D3CB02A0084C351 /* fire.jpg */; };
		682E37391D3CD0C20084C351 /* 1.gif in Resources */ = {isa = PBXBuildFile; fileRef = 682E37381D3CD0C20084C351 /* 1.gif */; };
		686855F11D38C2720070030E /* AppDelegate.swift in Sources */ = {isa = PBXBuildFile; fileRef = 686855F01D38C2720070030E /* AppDelegate.swift */; };
		686855F31D38C2720070030E /* ViewController.swift in Sources */ = {isa = PBXBuildFile; fileRef = 686855F21D38C2720070030E /* ViewController.swift */; };
		686855F61D38C2720070030E /* Main.storyboard in Resources */ = {isa = PBXBuildFile; fileRef = 686855F41D38C2720070030E /* Main.storyboard */; };
		686855F81D38C2720070030E /* Assets.xcassets in Resources */ = {isa = PBXBuildFile; fileRef = 686855F71D38C2720070030E /* Assets.xcassets */; };
		686855FB1D38C2720070030E /* LaunchScreen.storyboard in Resources */ = {isa = PBXBuildFile; fileRef = 686855F91D38C2720070030E /* LaunchScreen.storyboard */; };
		686856061D38C2720070030E /* UseAlamofireTests.swift in Sources */ = {isa = PBXBuildFile; fileRef = 686856051D38C2720070030E /* UseAlamofireTests.swift */; };
		686856111D38C2720070030E /* UseAlamofireUITests.swift in Sources */ = {isa = PBXBuildFile; fileRef = 686856101D38C2720070030E /* UseAlamofireUITests.swift */; };
		904ED0EAD3646F9AC1303C95 /* Pods_UseAlamofire.framework in Frameworks */ = {isa = PBXBuildFile; fileRef = ADA5DBA3E0693DCD3563A7BE /* Pods_UseAlamofire.framework */; };
		FD677EE8DBEE216957ADD6D9 /* Pods_UseAlamofireUITests.framework in Frameworks */ = {isa = PBXBuildFile; fileRef = 8753F7ED24DB86B613B70202 /* Pods_UseAlamofireUITests.framework */; };
/* End PBXBuildFile section */

/* Begin PBXContainerItemProxy section */
		686856021D38C2720070030E /* PBXContainerItemProxy */ = {
			isa = PBXContainerItemProxy;
			containerPortal = 686855E51D38C2720070030E /* Project object */;
			proxyType = 1;
			remoteGlobalIDString = 686855EC1D38C2720070030E;
			remoteInfo = UseAlamofire;
		};
		6868560D1D38C2720070030E /* PBXContainerItemProxy */ = {
			isa = PBXContainerItemProxy;
			containerPortal = 686855E51D38C2720070030E /* Project object */;
			proxyType = 1;
			remoteGlobalIDString = 686855EC1D38C2720070030E;
			remoteInfo = UseAlamofire;
		};
/* End PBXContainerItemProxy section */

/* Begin PBXFileReference section */
		682E37361D3CB02A0084C351 /* fire.jpg */ = {isa = PBXFileReference; lastKnownFileType = image.jpeg; path = fire.jpg; sourceTree = "<group>"; };
		682E37381D3CD0C20084C351 /* 1.gif */ = {isa = PBXFileReference; lastKnownFileType = image.gif; path = 1.gif; sourceTree = "<group>"; };
		686855ED1D38C2720070030E /* UseAlamofire.app */ = {isa = PBXFileReference; explicitFileType = wrapper.application; includeInIndex = 0; path = UseAlamofire.app; sourceTree = BUILT_PRODUCTS_DIR; };
		686855F01D38C2720070030E /* AppDelegate.swift */ = {isa = PBXFileReference; lastKnownFileType = sourcecode.swift; path = AppDelegate.swift; sourceTree = "<group>"; };
		686855F21D38C2720070030E /* ViewController.swift */ = {isa = PBXFileReference; lastKnownFileType = sourcecode.swift; path = ViewController.swift; sourceTree = "<group>"; };
		686855F51D38C2720070030E /* Base */ = {isa = PBXFileReference; lastKnownFileType = file.storyboard; name = Base; path = Base.lproj/Main.storyboard; sourceTree = "<group>"; };
		686855F71D38C2720070030E /* Assets.xcassets */ = {isa = PBXFileReference; lastKnownFileType = folder.assetcatalog; path = Assets.xcassets; sourceTree = "<group>"; };
		686855FA1D38C2720070030E /* Base */ = {isa = PBXFileReference; lastKnownFileType = file.storyboard; name = Base; path = Base.lproj/LaunchScreen.storyboard; sourceTree = "<group>"; };
		686855FC1D38C2720070030E /* Info.plist */ = {isa = PBXFileReference; lastKnownFileType = text.plist.xml; path = Info.plist; sourceTree = "<group>"; };
		686856011D38C2720070030E /* UseAlamofireTests.xctest */ = {isa = PBXFileReference; explicitFileType = wrapper.cfbundle; includeInIndex = 0; path = UseAlamofireTests.xctest; sourceTree = BUILT_PRODUCTS_DIR; };
		686856051D38C2720070030E /* UseAlamofireTests.swift */ = {isa = PBXFileReference; lastKnownFileType = sourcecode.swift; path = UseAlamofireTests.swift; sourceTree = "<group>"; };
		686856071D38C2720070030E /* Info.plist */ = {isa = PBXFileReference; lastKnownFileType = text.plist.xml; path = Info.plist; sourceTree = "<group>"; };
		6868560C1D38C2720070030E /* UseAlamofireUITests.xctest */ = {isa = PBXFileReference; explicitFileType = wrapper.cfbundle; includeInIndex = 0; path = UseAlamofireUITests.xctest; sourceTree = BUILT_PRODUCTS_DIR; };
		686856101D38C2720070030E /* UseAlamofireUITests.swift */ = {isa = PBXFileReference; lastKnownFileType = sourcecode.swift; path = UseAlamofireUITests.swift; sourceTree = "<group>"; };
		686856121D38C2720070030E /* Info.plist */ = {isa = PBXFileReference; lastKnownFileType = text.plist.xml; path = Info.plist; sourceTree = "<group>"; };
		8753F7ED24DB86B613B70202 /* Pods_UseAlamofireUITests.framework */ = {isa = PBXFileReference; explicitFileType = wrapper.framework; includeInIndex = 0; path = Pods_UseAlamofireUITests.framework; sourceTree = BUILT_PRODUCTS_DIR; };
		9EC0FF32F0DE0C62DD23B9EB /* Pods-UseAlamofireTests.debug.xcconfig */ = {isa = PBXFileReference; includeInIndex = 1; lastKnownFileType = text.xcconfig; name = "Pods-UseAlamofireTests.debug.xcconfig"; path = "Pods/Target Support Files/Pods-UseAlamofireTests/Pods-UseAlamofireTests.debug.xcconfig"; sourceTree = "<group>"; };
		A125C0BC1995D0D4C5C458FD /* Pods-UseAlamofireUITests.release.xcconfig */ = {isa = PBXFileReference; includeInIndex = 1; lastKnownFileType = text.xcconfig; name = "Pods-UseAlamofireUITests.release.xcconfig"; path = "Pods/Target Support Files/Pods-UseAlamofireUITests/Pods-UseAlamofireUITests.release.xcconfig"; sourceTree = "<group>"; };
		ADA5DBA3E0693DCD3563A7BE /* Pods_UseAlamofire.framework */ = {isa = PBXFileReference; explicitFileType = wrapper.framework; includeInIndex = 0; path = Pods_UseAlamofire.framework; sourceTree = BUILT_PRODUCTS_DIR; };
		B331FAA51151D4A526A44F94 /* Pods-UseAlamofireTests.release.xcconfig */ = {isa = PBXFileReference; includeInIndex = 1; lastKnownFileType = text.xcconfig; name = "Pods-UseAlamofireTests.release.xcconfig"; path = "Pods/Target Support Files/Pods-UseAlamofireTests/Pods-UseAlamofireTests.release.xcconfig"; sourceTree = "<group>"; };
		C1D101DBEE5020B011DF8CB6 /* Pods_UseAlamofireTests.framework */ = {isa = PBXFileReference; explicitFileType = wrapper.framework; includeInIndex = 0; path = Pods_UseAlamofireTests.framework; sourceTree = BUILT_PRODUCTS_DIR; };
		C9DF65126BD0761A04192350 /* Pods-UseAlamofire.release.xcconfig */ = {isa = PBXFileReference; includeInIndex = 1; lastKnownFileType = text.xcconfig; name = "Pods-UseAlamofire.release.xcconfig"; path = "Pods/Target Support Files/Pods-UseAlamofire/Pods-UseAlamofire.release.xcconfig"; sourceTree = "<group>"; };
		CD3F46F1C230351E913D4098 /* Pods-UseAlamofire.debug.xcconfig */ = {isa = PBXFileReference; includeInIndex = 1; lastKnownFileType = text.xcconfig; name = "Pods-UseAlamofire.debug.xcconfig"; path = "Pods/Target Support Files/Pods-UseAlamofire/Pods-UseAlamofire.debug.xcconfig"; sourceTree = "<group>"; };
		FB5C65856FB3AA395208AD1D /* Pods-UseAlamofireUITests.debug.xcconfig */ = {isa = PBXFileReference; includeInIndex = 1; lastKnownFileType = text.xcconfig; name = "Pods-UseAlamofireUITests.debug.xcconfig"; path = "Pods/Target Support Files/Pods-UseAlamofireUITests/Pods-UseAlamofireUITests.debug.xcconfig"; sourceTree = "<group>"; };
/* End PBXFileReference section */

/* Begin PBXFrameworksBuildPhase section */
		686855EA1D38C2720070030E /* Frameworks */ = {
			isa = PBXFrameworksBuildPhase;
			buildActionMask = 2147483647;
			files = (
				904ED0EAD3646F9AC1303C95 /* Pods_UseAlamofire.framework in Frameworks */,
			);
			runOnlyForDeploymentPostprocessing = 0;
		};
		686855FE1D38C2720070030E /* Frameworks */ = {
			isa = PBXFrameworksBuildPhase;
			buildActionMask = 2147483647;
			files = (
				60AF9A27EAC4467C7A8F779B /* Pods_UseAlamofireTests.framework in Frameworks */,
			);
			runOnlyForDeploymentPostprocessing = 0;
		};
		686856091D38C2720070030E /* Frameworks */ = {
			isa = PBXFrameworksBuildPhase;
			buildActionMask = 2147483647;
			files = (
				FD677EE8DBEE216957ADD6D9 /* Pods_UseAlamofireUITests.framework in Frameworks */,
			);
			runOnlyForDeploymentPostprocessing = 0;
		};
/* End PBXFrameworksBuildPhase section */

/* Begin PBXGroup section */
		686855E41D38C2720070030E = {
			isa = PBXGroup;
			children = (
				686855EF1D38C2720070030E /* UseAlamofire */,
				686856041D38C2720070030E /* UseAlamofireTests */,
				6868560F1D38C2720070030E /* UseAlamofireUITests */,
				686855EE1D38C2720070030E /* Products */,
				908246B4A2CE6BBCDF2D7061 /* Pods */,
				ECFC7813854617489A610B72 /* Frameworks */,
			);
			sourceTree = "<group>";
		};
		686855EE1D38C2720070030E /* Products */ = {
			isa = PBXGroup;
			children = (
				686855ED1D38C2720070030E /* UseAlamofire.app */,
				686856011D38C2720070030E /* UseAlamofireTests.xctest */,
				6868560C1D38C2720070030E /* UseAlamofireUITests.xctest */,
			);
			name = Products;
			sourceTree = "<group>";
		};
		686855EF1D38C2720070030E /* UseAlamofire */ = {
			isa = PBXGroup;
			children = (
				686855F01D38C2720070030E /* AppDelegate.swift */,
				686855F21D38C2720070030E /* ViewController.swift */,
				682E37381D3CD0C20084C351 /* 1.gif */,
				682E37361D3CB02A0084C351 /* fire.jpg */,
				686855F41D38C2720070030E /* Main.storyboard */,
				686855F71D38C2720070030E /* Assets.xcassets */,
				686855F91D38C2720070030E /* LaunchScreen.storyboard */,
				686855FC1D38C2720070030E /* Info.plist */,
			);
			path = UseAlamofire;
			sourceTree = "<group>";
		};
		686856041D38C2720070030E /* UseAlamofireTests */ = {
			isa = PBXGroup;
			children = (
				686856051D38C2720070030E /* UseAlamofireTests.swift */,
				686856071D38C2720070030E /* Info.plist */,
			);
			path = UseAlamofireTests;
			sourceTree = "<group>";
		};
		6868560F1D38C2720070030E /* UseAlamofireUITests */ = {
			isa = PBXGroup;
			children = (
				686856101D38C2720070030E /* UseAlamofireUITests.swift */,
				686856121D38C2720070030E /* Info.plist */,
			);
			path = UseAlamofireUITests;
			sourceTree = "<group>";
		};
		908246B4A2CE6BBCDF2D7061 /* Pods */ = {
			isa = PBXGroup;
			children = (
				CD3F46F1C230351E913D4098 /* Pods-UseAlamofire.debug.xcconfig */,
				C9DF65126BD0761A04192350 /* Pods-UseAlamofire.release.xcconfig */,
				9EC0FF32F0DE0C62DD23B9EB /* Pods-UseAlamofireTests.debug.xcconfig */,
				B331FAA51151D4A526A44F94 /* Pods-UseAlamofireTests.release.xcconfig */,
				FB5C65856FB3AA395208AD1D /* Pods-UseAlamofireUITests.debug.xcconfig */,
				A125C0BC1995D0D4C5C458FD /* Pods-UseAlamofireUITests.release.xcconfig */,
			);
			name = Pods;
			sourceTree = "<group>";
		};
		ECFC7813854617489A610B72 /* Frameworks */ = {
			isa = PBXGroup;
			children = (
				ADA5DBA3E0693DCD3563A7BE /* Pods_UseAlamofire.framework */,
				C1D101DBEE5020B011DF8CB6 /* Pods_UseAlamofireTests.framework */,
				8753F7ED24DB86B613B70202 /* Pods_UseAlamofireUITests.framework */,
			);
			name = Frameworks;
			sourceTree = "<group>";
		};
/* End PBXGroup section */

/* Begin PBXNativeTarget section */
		686855EC1D38C2720070030E /* UseAlamofire */ = {
			isa = PBXNativeTarget;
			buildConfigurationList = 686856151D38C2720070030E /* Build configuration list for PBXNativeTarget "UseAlamofire" */;
			buildPhases = (
				DCDED9E6432ACDB79D03BC3C /* [CP] Check Pods Manifest.lock */,
				686855E91D38C2720070030E /* Sources */,
				686855EA1D38C2720070030E /* Frameworks */,
				686855EB1D38C2720070030E /* Resources */,
				5E01CDFC5CD25C616137D5CF /* [CP] Embed Pods Frameworks */,
				FE9AD92E083B2126DF5907A0 /* [CP] Copy Pods Resources */,
			);
			buildRules = (
			);
			dependencies = (
			);
			name = UseAlamofire;
			productName = UseAlamofire;
			productReference = 686855ED1D38C2720070030E /* UseAlamofire.app */;
			productType = "com.apple.product-type.application";
		};
		686856001D38C2720070030E /* UseAlamofireTests */ = {
			isa = PBXNativeTarget;
			buildConfigurationList = 686856181D38C2720070030E /* Build configuration list for PBXNativeTarget "UseAlamofireTests" */;
			buildPhases = (
				547568EC9F064E440EB5AC35 /* [CP] Check Pods Manifest.lock */,
				686855FD1D38C2720070030E /* Sources */,
				686855FE1D38C2720070030E /* Frameworks */,
				686855FF1D38C2720070030E /* Resources */,
				745B51AB159D6932F62FBB2D /* [CP] Embed Pods Frameworks */,
				6143111CDD4EE0BCD4D5D9BE /* [CP] Copy Pods Resources */,
			);
			buildRules = (
			);
			dependencies = (
				686856031D38C2720070030E /* PBXTargetDependency */,
			);
			name = UseAlamofireTests;
			productName = UseAlamofireTests;
			productReference = 686856011D38C2720070030E /* UseAlamofireTests.xctest */;
			productType = "com.apple.product-type.bundle.unit-test";
		};
		6868560B1D38C2720070030E /* UseAlamofireUITests */ = {
			isa = PBXNativeTarget;
			buildConfigurationList = 6868561B1D38C2720070030E /* Build configuration list for PBXNativeTarget "UseAlamofireUITests" */;
			buildPhases = (
				396EB223E483D9594FD7090D /* [CP] Check Pods Manifest.lock */,
				686856081D38C2720070030E /* Sources */,
				686856091D38C2720070030E /* Frameworks */,
				6868560A1D38C2720070030E /* Resources */,
				7DBF23496931DB270ABB1EEA /* [CP] Copy Pods Resources */,
			);
			buildRules = (
			);
			dependencies = (
				6868560E1D38C2720070030E /* PBXTargetDependency */,
			);
			name = UseAlamofireUITests;
			productName = UseAlamofireUITests;
			productReference = 6868560C1D38C2720070030E /* UseAlamofireUITests.xctest */;
			productType = "com.apple.product-type.bundle.ui-testing";
		};
/* End PBXNativeTarget section */

/* Begin PBXProject section */
		686855E51D38C2720070030E /* Project object */ = {
			isa = PBXProject;
			attributes = {
				LastSwiftUpdateCheck = 0730;
				LastUpgradeCheck = 0730;
				ORGANIZATIONNAME = CodingFire;
				TargetAttributes = {
					686855EC1D38C2720070030E = {
						CreatedOnToolsVersion = 7.3.1;
						DevelopmentTeam = B2P95ADDC5;
					};
					686856001D38C2720070030E = {
						CreatedOnToolsVersion = 7.3.1;
						TestTargetID = 686855EC1D38C2720070030E;
					};
					6868560B1D38C2720070030E = {
						CreatedOnToolsVersion = 7.3.1;
						TestTargetID = 686855EC1D38C2720070030E;
					};
				};
			};
			buildConfigurationList = 686855E81D38C2720070030E /* Build configuration list for PBXProject "UseAlamofire" */;
			compatibilityVersion = "Xcode 3.2";
			developmentRegion = English;
			hasScannedForEncodings = 0;
			knownRegions = (
				en,
				Base,
			);
			mainGroup = 686855E41D38C2720070030E;
			productRefGroup = 686855EE1D38C2720070030E /* Products */;
			projectDirPath = "";
			projectRoot = "";
			targets = (
				686855EC1D38C2720070030E /* UseAlamofire */,
				686856001D38C2720070030E /* UseAlamofireTests */,
				6868560B1D38C2720070030E /* UseAlamofireUITests */,
			);
		};
/* End PBXProject section */

/* Begin PBXResourcesBuildPhase section */
		686855EB1D38C2720070030E /* Resources */ = {
			isa = PBXResourcesBuildPhase;
			buildActionMask = 2147483647;
			files = (
				686855FB1D38C2720070030E /* LaunchScreen.storyboard in Resources */,
				682E37371D3CB02A0084C351 /* fire.jpg in Resources */,
				686855F81D38C2720070030E /* Assets.xcassets in Resources */,
				682E37391D3CD0C20084C351 /* 1.gif in Resources */,
				686855F61D38C2720070030E /* Main.storyboard in Resources */,
			);
			runOnlyForDeploymentPostprocessing = 0;
		};
		686855FF1D38C2720070030E /* Resources */ = {
			isa = PBXResourcesBuildPhase;
			buildActionMask = 2147483647;
			files = (
			);
			runOnlyForDeploymentPostprocessing = 0;
		};
		6868560A1D38C2720070030E /* Resources */ = {
			isa = PBXResourcesBuildPhase;
			buildActionMask = 2147483647;
			files = (
			);
			runOnlyForDeploymentPostprocessing = 0;
		};
/* End PBXResourcesBuildPhase section */

/* Begin PBXShellScriptBuildPhase section */
		396EB223E483D9594FD7090D /* [CP] Check Pods Manifest.lock */ = {
			isa = PBXShellScriptBuildPhase;
			buildActionMask = 2147483647;
			files = (
			);
			inputPaths = (
			);
			name = "[CP] Check Pods Manifest.lock";
			outputPaths = (
			);
			runOnlyForDeploymentPostprocessing = 0;
			shellPath = /bin/sh;
			shellScript = "diff \"${PODS_ROOT}/../Podfile.lock\" \"${PODS_ROOT}/Manifest.lock\" > /dev/null\nif [[ $? != 0 ]] ; then\n    cat << EOM\nerror: The sandbox is not in sync with the Podfile.lock. Run 'pod install' or update your CocoaPods installation.\nEOM\n    exit 1\nfi\n";
			showEnvVarsInLog = 0;
		};
		547568EC9F064E440EB5AC35 /* [CP] Check Pods Manifest.lock */ = {
			isa = PBXShellScriptBuildPhase;
			buildActionMask = 2147483647;
			files = (
			);
			inputPaths = (
			);
			name = "[CP] Check Pods Manifest.lock";
			outputPaths = (
			);
			runOnlyForDeploymentPostprocessing = 0;
			shellPath = /bin/sh;
			shellScript = "diff \"${PODS_ROOT}/../Podfile.lock\" \"${PODS_ROOT}/Manifest.lock\" > /dev/null\nif [[ $? != 0 ]] ; then\n    cat << EOM\nerror: The sandbox is not in sync with the Podfile.lock. Run 'pod install' or update your CocoaPods installation.\nEOM\n    exit 1\nfi\n";
			showEnvVarsInLog = 0;
		};
		5E01CDFC5CD25C616137D5CF /* [CP] Embed Pods Frameworks */ = {
			isa = PBXShellScriptBuildPhase;
			buildActionMask = 2147483647;
			files = (
			);
			inputPaths = (
			);
			name = "[CP] Embed Pods Frameworks";
			outputPaths = (
			);
			runOnlyForDeploymentPostprocessing = 0;
			shellPath = /bin/sh;
			shellScript = "\"${SRCROOT}/Pods/Target Support Files/Pods-UseAlamofire/Pods-UseAlamofire-frameworks.sh\"\n";
			showEnvVarsInLog = 0;
		};
		6143111CDD4EE0BCD4D5D9BE /* [CP] Copy Pods Resources */ = {
			isa = PBXShellScriptBuildPhase;
			buildActionMask = 2147483647;
			files = (
			);
			inputPaths = (
			);
			name = "[CP] Copy Pods Resources";
			outputPaths = (
			);
			runOnlyForDeploymentPostprocessing = 0;
			shellPath = /bin/sh;
			shellScript = "\"${SRCROOT}/Pods/Target Support Files/Pods-UseAlamofireTests/Pods-UseAlamofireTests-resources.sh\"\n";
			showEnvVarsInLog = 0;
		};
		745B51AB159D6932F62FBB2D /* [CP] Embed Pods Frameworks */ = {
			isa = PBXShellScriptBuildPhase;
			buildActionMask = 2147483647;
			files = (
			);
			inputPaths = (
			);
			name = "[CP] Embed Pods Frameworks";
			outputPaths = (
			);
			runOnlyForDeploymentPostprocessing = 0;
			shellPath = /bin/sh;
			shellScript = "\"${SRCROOT}/Pods/Target Support Files/Pods-UseAlamofireTests/Pods-UseAlamofireTests-frameworks.sh\"\n";
			showEnvVarsInLog = 0;
		};
		7DBF23496931DB270ABB1EEA /* [CP] Copy Pods Resources */ = {
			isa = PBXShellScriptBuildPhase;
			buildActionMask = 2147483647;
			files = (
			);
			inputPaths = (
			);
			name = "[CP] Copy Pods Resources";
			outputPaths = (
			);
			runOnlyForDeploymentPostprocessing = 0;
			shellPath = /bin/sh;
			shellScript = "\"${SRCROOT}/Pods/Target Support Files/Pods-UseAlamofireUITests/Pods-UseAlamofireUITests-resources.sh\"\n";
			showEnvVarsInLog = 0;
		};
		DCDED9E6432ACDB79D03BC3C /* [CP] Check Pods Manifest.lock */ = {
			isa = PBXShellScriptBuildPhase;
			buildActionMask = 2147483647;
			files = (
			);
			inputPaths = (
			);
			name = "[CP] Check Pods Manifest.lock";
			outputPaths = (
			);
			runOnlyForDeploymentPostprocessing = 0;
			shellPath = /bin/sh;
			shellScript = "diff \"${PODS_ROOT}/../Podfile.lock\" \"${PODS_ROOT}/Manifest.lock\" > /dev/null\nif [[ $? != 0 ]] ; then\n    cat << EOM\nerror: The sandbox is not in sync with the Podfile.lock. Run 'pod install' or update your CocoaPods installation.\nEOM\n    exit 1\nfi\n";
			showEnvVarsInLog = 0;
		};
		FE9AD92E083B2126DF5907A0 /* [CP] Copy Pods Resources */ = {
			isa = PBXShellScriptBuildPhase;
			buildActionMask = 2147483647;
			files = (
			);
			inputPaths = (
			);
			name = "[CP] Copy Pods Resources";
			outputPaths = (
			);
			runOnlyForDeploymentPostprocessing = 0;
			shellPath = /bin/sh;
			shellScript = "\"${SRCROOT}/Pods/Target Support Files/Pods-UseAlamofire/Pods-UseAlamofire-resources.sh\"\n";
			showEnvVarsInLog = 0;
		};
/* End PBXShellScriptBuildPhase section */

/* Begin PBXSourcesBuildPhase section */
		686855E91D38C2720070030E /* Sources */ = {
			isa = PBXSourcesBuildPhase;
			buildActionMask = 2147483647;
			files = (
				686855F31D38C2720070030E /* ViewController.swift in Sources */,
				686855F11D38C2720070030E /* AppDelegate.swift in Sources */,
			);
			runOnlyForDeploymentPostprocessing = 0;
		};
		686855FD1D38C2720070030E /* Sources */ = {
			isa = PBXSourcesBuildPhase;
			buildActionMask = 2147483647;
			files = (
				686856061D38C2720070030E /* UseAlamofireTests.swift in Sources */,
			);
			runOnlyForDeploymentPostprocessing = 0;
		};
		686856081D38C2720070030E /* Sources */ = {
			isa = PBXSourcesBuildPhase;
			buildActionMask = 2147483647;
			files = (
				686856111D38C2720070030E /* UseAlamofireUITests.swift in Sources */,
			);
			runOnlyForDeploymentPostprocessing = 0;
		};
/* End PBXSourcesBuildPhase section */

/* Begin PBXTargetDependency section */
		686856031D38C2720070030E /* PBXTargetDependency */ = {
			isa = PBXTargetDependency;
			target = 686855EC1D38C2720070030E /* UseAlamofire */;
			targetProxy = 686856021D38C2720070030E /* PBXContainerItemProxy */;
		};
		6868560E1D38C2720070030E /* PBXTargetDependency */ = {
			isa = PBXTargetDependency;
			target = 686855EC1D38C2720070030E /* UseAlamofire */;
			targetProxy = 6868560D1D38C2720070030E /* PBXContainerItemProxy */;
		};
/* End PBXTargetDependency section */

/* Begin PBXVariantGroup section */
		686855F41D38C2720070030E /* Main.storyboard */ = {
			isa = PBXVariantGroup;
			children = (
				686855F51D38C2720070030E /* Base */,
			);
			name = Main.storyboard;
			sourceTree = "<group>";
		};
		686855F91D38C2720070030E /* LaunchScreen.storyboard */ = {
			isa = PBXVariantGroup;
			children = (
				686855FA1D38C2720070030E /* Base */,
			);
			name = LaunchScreen.storyboard;
			sourceTree = "<group>";
		};
/* End PBXVariantGroup section */

/* Begin XCBuildConfiguration section */
		686856131D38C2720070030E /* Debug */ = {
			isa = XCBuildConfiguration;
			buildSettings = {
				ALWAYS_SEARCH_USER_PATHS = NO;
				CLANG_ANALYZER_NONNULL = YES;
				CLANG_CXX_LANGUAGE_STANDARD = "gnu++0x";
				CLANG_CXX_LIBRARY = "libc++";
				CLANG_ENABLE_MODULES = YES;
				CLANG_ENABLE_OBJC_ARC = YES;
				CLANG_WARN_BOOL_CONVERSION = YES;
				CLANG_WARN_CONSTANT_CONVERSION = YES;
				CLANG_WARN_DIRECT_OBJC_ISA_USAGE = YES_ERROR;
				CLANG_WARN_EMPTY_BODY = YES;
				CLANG_WARN_ENUM_CONVERSION = YES;
				CLANG_WARN_INT_CONVERSION = YES;
				CLANG_WARN_OBJC_ROOT_CLASS = YES_ERROR;
				CLANG_WARN_UNREACHABLE_CODE = YES;
				CLANG_WARN__DUPLICATE_METHOD_MATCH = YES;
				"CODE_SIGN_IDENTITY[sdk=iphoneos*]" = "iPhone Developer";
				COPY_PHASE_STRIP = NO;
				DEBUG_INFORMATION_FORMAT = dwarf;
				ENABLE_STRICT_OBJC_MSGSEND = YES;
				ENABLE_TESTABILITY = YES;
				GCC_C_LANGUAGE_STANDARD = gnu99;
				GCC_DYNAMIC_NO_PIC = NO;
				GCC_NO_COMMON_BLOCKS = YES;
				GCC_OPTIMIZATION_LEVEL = 0;
				GCC_PREPROCESSOR_DEFINITIONS = (
					"DEBUG=1",
					"$(inherited)",
				);
				GCC_WARN_64_TO_32_BIT_CONVERSION = YES;
				GCC_WARN_ABOUT_RETURN_TYPE = YES_ERROR;
				GCC_WARN_UNDECLARED_SELECTOR = YES;
				GCC_WARN_UNINITIALIZED_AUTOS = YES_AGGRESSIVE;
				GCC_WARN_UNUSED_FUNCTION = YES;
				GCC_WARN_UNUSED_VARIABLE = YES;
				IPHONEOS_DEPLOYMENT_TARGET = 9.3;
				MTL_ENABLE_DEBUG_INFO = YES;
				ONLY_ACTIVE_ARCH = YES;
				SDKROOT = iphoneos;
				SWIFT_OPTIMIZATION_LEVEL = "-Onone";
			};
			name = Debug;
		};
		686856141D38C2720070030E /* Release */ = {
			isa = XCBuildConfiguration;
			buildSettings = {
				ALWAYS_SEARCH_USER_PATHS = NO;
				CLANG_ANALYZER_NONNULL = YES;
				CLANG_CXX_LANGUAGE_STANDARD = "gnu++0x";
				CLANG_CXX_LIBRARY = "libc++";
				CLANG_ENABLE_MODULES = YES;
				CLANG_ENABLE_OBJC_ARC = YES;
				CLANG_WARN_BOOL_CONVERSION = YES;
				CLANG_WARN_CONSTANT_CONVERSION = YES;
				CLANG_WARN_DIRECT_OBJC_ISA_USAGE = YES_ERROR;
				CLANG_WARN_EMPTY_BODY = YES;
				CLANG_WARN_ENUM_CONVERSION = YES;
				CLANG_WARN_INT_CONVERSION = YES;
				CLANG_WARN_OBJC_ROOT_CLASS = YES_ERROR;
				CLANG_WARN_UNREACHABLE_CODE = YES;
				CLANG_WARN__DUPLICATE_METHOD_MATCH = YES;
				"CODE_SIGN_IDENTITY[sdk=iphoneos*]" = "iPhone Developer";
				COPY_PHASE_STRIP = NO;
				DEBUG_INFORMATION_FORMAT = "dwarf-with-dsym";
				ENABLE_NS_ASSERTIONS = NO;
				ENABLE_STRICT_OBJC_MSGSEND = YES;
				GCC_C_LANGUAGE_STANDARD = gnu99;
				GCC_NO_COMMON_BLOCKS = YES;
				GCC_WARN_64_TO_32_BIT_CONVERSION = YES;
				GCC_WARN_ABOUT_RETURN_TYPE = YES_ERROR;
				GCC_WARN_UNDECLARED_SELECTOR = YES;
				GCC_WARN_UNINITIALIZED_AUTOS = YES_AGGRESSIVE;
				GCC_WARN_UNUSED_FUNCTION = YES;
				GCC_WARN_UNUSED_VARIABLE = YES;
				IPHONEOS_DEPLOYMENT_TARGET = 9.3;
				MTL_ENABLE_DEBUG_INFO = NO;
				SDKROOT = iphoneos;
				VALIDATE_PRODUCT = YES;
			};
			name = Release;
		};
		686856161D38C2720070030E /* Debug */ = {
			isa = XCBuildConfiguration;
			baseConfigurationReference = CD3F46F1C230351E913D4098 /* Pods-UseAlamofire.debug.xcconfig */;
			buildSettings = {
				ASSETCATALOG_COMPILER_APPICON_NAME = AppIcon;
				CODE_SIGN_IDENTITY = "iPhone Developer";
				"CODE_SIGN_IDENTITY[sdk=iphoneos*]" = "iPhone Developer";
				INFOPLIST_FILE = UseAlamofire/Info.plist;
				LD_RUNPATH_SEARCH_PATHS = "$(inherited) @executable_path/Frameworks";
				PRODUCT_BUNDLE_IDENTIFIER = Codeliu.Fire.UseAlamofire;
				PRODUCT_NAME = "$(TARGET_NAME)";
				PROVISIONING_PROFILE = "";
			};
			name = Debug;
		};
		686856171D38C2720070030E /* Release */ = {
			isa = XCBuildConfiguration;
			baseConfigurationReference = C9DF65126BD0761A04192350 /* Pods-UseAlamofire.release.xcconfig */;
			buildSettings = {
				ASSETCATALOG_COMPILER_APPICON_NAME = AppIcon;
				CODE_SIGN_IDENTITY = "iPhone Developer";
				"CODE_SIGN_IDENTITY[sdk=iphoneos*]" = "iPhone Developer";
				INFOPLIST_FILE = UseAlamofire/Info.plist;
				LD_RUNPATH_SEARCH_PATHS = "$(inherited) @executable_path/Frameworks";
				PRODUCT_BUNDLE_IDENTIFIER = Codeliu.Fire.UseAlamofire;
				PRODUCT_NAME = "$(TARGET_NAME)";
				PROVISIONING_PROFILE = "";
			};
			name = Release;
		};
		686856191D38C2720070030E /* Debug */ = {
			isa = XCBuildConfiguration;
			baseConfigurationReference = 9EC0FF32F0DE0C62DD23B9EB /* Pods-UseAlamofireTests.debug.xcconfig */;
			buildSettings = {
				BUNDLE_LOADER = "$(TEST_HOST)";
				INFOPLIST_FILE = UseAlamofireTests/Info.plist;
				LD_RUNPATH_SEARCH_PATHS = "$(inherited) @executable_path/Frameworks @loader_path/Frameworks";
				PRODUCT_BUNDLE_IDENTIFIER = Codeliu.Fire.UseAlamofireTests;
				PRODUCT_NAME = "$(TARGET_NAME)";
				TEST_HOST = "$(BUILT_PRODUCTS_DIR)/UseAlamofire.app/UseAlamofire";
			};
			name = Debug;
		};
		6868561A1D38C2720070030E /* Release */ = {
			isa = XCBuildConfiguration;
			baseConfigurationReference = B331FAA51151D4A526A44F94 /* Pods-UseAlamofireTests.release.xcconfig */;
			buildSettings = {
				BUNDLE_LOADER = "$(TEST_HOST)";
				INFOPLIST_FILE = UseAlamofireTests/Info.plist;
				LD_RUNPATH_SEARCH_PATHS = "$(inherited) @executable_path/Frameworks @loader_path/Frameworks";
				PRODUCT_BUNDLE_IDENTIFIER = Codeliu.Fire.UseAlamofireTests;
				PRODUCT_NAME = "$(TARGET_NAME)";
				TEST_HOST = "$(BUILT_PRODUCTS_DIR)/UseAlamofire.app/UseAlamofire";
			};
			name = Release;
		};
		6868561C1D38C2720070030E /* Debug */ = {
			isa = XCBuildConfiguration;
			baseConfigurationReference = FB5C65856FB3AA395208AD1D /* Pods-UseAlamofireUITests.debug.xcconfig */;
			buildSettings = {
				INFOPLIST_FILE = UseAlamofireUITests/Info.plist;
				LD_RUNPATH_SEARCH_PATHS = "$(inherited) @executable_path/Frameworks @loader_path/Frameworks";
				PRODUCT_BUNDLE_IDENTIFIER = Codeliu.Fire.UseAlamofireUITests;
				PRODUCT_NAME = "$(TARGET_NAME)";
				TEST_TARGET_NAME = UseAlamofire;
			};
			name = Debug;
		};
		6868561D1D38C2720070030E /* Release */ = {
			isa = XCBuildConfiguration;
			baseConfigurationReference = A125C0BC1995D0D4C5C458FD /* Pods-UseAlamofireUITests.release.xcconfig */;
			buildSettings = {
				INFOPLIST_FILE = UseAlamofireUITests/Info.plist;
				LD_RUNPATH_SEARCH_PATHS = "$(inherited) @executable_path/Frameworks @loader_path/Frameworks";
				PRODUCT_BUNDLE_IDENTIFIER = Codeliu.Fire.UseAlamofireUITests;
				PRODUCT_NAME = "$(TARGET_NAME)";
				TEST_TARGET_NAME = UseAlamofire;
			};
			name = Release;
		};
/* End XCBuildConfiguration section */

/* Begin XCConfigurationList section */
		686855E81D38C2720070030E /* Build configuration list for PBXProject "UseAlamofire" */ = {
			isa = XCConfigurationList;
			buildConfigurations = (
				686856131D38C2720070030E /* Debug */,
				686856141D38C2720070030E /* Release */,
			);
			defaultConfigurationIsVisible = 0;
			defaultConfigurationName = Release;
		};
		686856151D38C2720070030E /* Build configuration list for PBXNativeTarget "UseAlamofire" */ = {
			isa = XCConfigurationList;
			buildConfigurations = (
				686856161D38C2720070030E /* Debug */,
				686856171D38C2720070030E /* Release */,
			);
			defaultConfigurationIsVisible = 0;
			defaultConfigurationName = Release;
		};
		686856181D38C2720070030E /* Build configuration list for PBXNativeTarget "UseAlamofireTests" */ = {
			isa = XCConfigurationList;
			buildConfigurations = (
				686856191D38C2720070030E /* Debug */,
				6868561A1D38C2720070030E /* Release */,
			);
			defaultConfigurationIsVisible = 0;
			defaultConfigurationName = Release;
		};
		6868561B1D38C2720070030E /* Build configuration list for PBXNativeTarget "UseAlamofireUITests" */ = {
			isa = XCConfigurationList;
			buildConfigurations = (
				6868561C1D38C2720070030E /* Debug */,
				6868561D1D38C2720070030E /* Release */,
			);
			defaultConfigurationIsVisible = 0;
			defaultConfigurationName = Release;
		};
/* End XCConfigurationList section */
	};
	rootObject = 686855E51D38C2720070030E /* Project object */;
}
